
Microsoft Visual Studio Solution File, Format Version 12.00
# Visual Studio Version 17
VisualStudioVersion = 17.2.32616.157
MinimumVisualStudioVersion = 10.0.40219.1
Project("{FAE04EC0-301F-11D3-BF4B-00C04F79EFBC}") = "CursoGitHub.InterfaceConsole", "CursoGitHub.InterfaceConsole\CursoGitHub.InterfaceConsole.csproj", "{4D5FC48E-F0EA-4473-8CCC-C70A9A81A0DC}"
EndProject
Project("{FAE04EC0-301F-11D3-BF4B-00C04F79EFBC}") = "CursoGitHub.AulaUm", "ConsoleApp1\CursoGitHub.AulaUm.csproj", "{411AE9FC-BA28-49A6-9D3E-C7E2B339BFF3}"
EndProject
Project("{FAE04EC0-301F-11D3-BF4B-00C04F79EFBC}") = "CursoGitHub.AulaDois", "CursoGitHub.AulaDois\CursoGitHub.AulaDois.csproj", "{2B499621-A411-4250-BD46-8EE247104351}"
EndProject
Global
	GlobalSection(SolutionConfigurationPlatforms) = preSolution
		Debug|Any CPU = Debug|Any CPU
		Release|Any CPU = Release|Any CPU
	EndGlobalSection
	GlobalSection(ProjectConfigurationPlatforms) = postSolution
		{4D5FC48E-F0EA-4473-8CCC-C70A9A81A0DC}.Debug|Any CPU.ActiveCfg = Debug|Any CPU
		{4D5FC48E-F0EA-4473-8CCC-C70A9A81A0DC}.Debug|Any CPU.Build.0 = Debug|Any CPU
		{4D5FC48E-F0EA-4473-8CCC-C70A9A81A0DC}.Release|Any CPU.ActiveCfg = Release|Any CPU
		{4D5FC48E-F0EA-4473-8CCC-C70A9A81A0DC}.Release|Any CPU.Build.0 = Release|Any CPU
		{411AE9FC-BA28-49A6-9D3E-C7E2B339BFF3}.Debug|Any CPU.ActiveCfg = Debug|Any CPU
		{411AE9FC-BA28-49A6-9D3E-C7E2B339BFF3}.Debug|Any CPU.Build.0 = Debug|Any CPU
		{411AE9FC-BA28-49A6-9D3E-C7E2B339BFF3}.Release|Any CPU.ActiveCfg = Release|Any CPU
		{411AE9FC-BA28-49A6-9D3E-C7E2B339BFF3}.Release|Any CPU.Build.0 = Release|Any CPU
		{2B499621-A411-4250-BD46-8EE247104351}.Debug|Any CPU.ActiveCfg = Debug|Any CPU
		{2B499621-A411-4250-BD46-8EE247104351}.Debug|Any CPU.Build.0 = Debug|Any CPU
		{2B499621-A411-4250-BD46-8EE247104351}.Release|Any CPU.ActiveCfg = Release|Any CPU
		{2B499621-A411-4250-BD46-8EE247104351}.Release|Any CPU.Build.0 = Release|Any CPU
	EndGlobalSection
	GlobalSection(SolutionProperties) = preSolution
		HideSolutionNode = FALSE
	EndGlobalSection
	GlobalSection(ExtensibilityGlobals) = postSolution
		SolutionGuid = {ABE86DF9-14D7-4327-A37F-635AA16B4AF4}
	EndGlobalSection
EndGlobal
